
Microsoft Visual Studio Solution File, Format Version 12.00
# Visual Studio 2012
Project("{8BC9CEB8-8B4A-11D0-8D11-00A0C91BC942}") = "TokenBucket", "TokenBucket.vcxproj", "{518D4446-3965-4642-95C5-31D90AE8B3FE}"
EndProject
Global
	GlobalSection(SolutionConfigurationPlatforms) = preSolution
		Debug|Win32 = Debug|Win32
		Release|Win32 = Release|Win32
	EndGlobalSection
	GlobalSection(ProjectConfigurationPlatforms) = postSolution
		{518D4446-3965-4642-95C5-31D90AE8B3FE}.Debug|Win32.ActiveCfg = Debug|Win32
		{518D4446-3965-4642-95C5-31D90AE8B3FE}.Debug|Win32.Build.0 = Debug|Win32
		{518D4446-3965-4642-95C5-31D90AE8B3FE}.Release|Win32.ActiveCfg = Release|Win32
		{518D4446-3965-4642-95C5-31D90AE8B3FE}.Release|Win32.Build.0 = Release|Win32
	EndGlobalSection
	GlobalSection(SolutionProperties) = preSolution
		HideSolutionNode = FALSE
	EndGlobalSection
EndGlobal
